// !$*UTF8*$!
{
	archiveVersion = 1;
	classes = {
	};
	objectVersion = 60;
	objects = {

/* Begin PBXBuildFile section */
		A87B328B259FAA8B00EA6551 /* Cocoa.framework in Frameworks */ = {isa = PBXBuildFile; fileRef = A87B328A259FAA8B00EA6551 /* Cocoa.framework */; };
		CC0000000000000000000004 /* MainScreenFeature.swift in Sources */ = {isa = PBXBuildFile; fileRef = CC0000000000000000000005 /* MainScreenFeature.swift */; };
		CC000000000000000000000A /* AppDelegate.swift in Sources */ = {isa = PBXBuildFile; fileRef = CC0000000000000000000009 /* AppDelegate.swift */; };
		CC0000000000000000000010 /* SonyHeadphonesClientApp.swift in Sources */ = {isa = PBXBuildFile; fileRef = CC000000000000000000000F /* SonyHeadphonesClientApp.swift */; };
		DD0000000000000000000001 /* Assets.xcassets in Resources */ = {isa = PBXBuildFile; fileRef = DD0000000000000000000002 /* Assets.xcassets */; };
		EE0000000000000000000005 /* SonyBTKit in Frameworks */ = {isa = PBXBuildFile; productRef = EE0000000000000000000003 /* SonyBTKit */; };
		F76B57F5305815DA00449C1F /* ComposableArchitecture in Frameworks */ = {isa = PBXBuildFile; productRef = F76B57F4305815DA00449C1F /* ComposableArchitecture */; };
		F7EAEFD23053FBB600018001 /* HeadphonesCommands.swift in Sources */ = {isa = PBXBuildFile; fileRef = F7EAEFD13053FBB200018001 /* HeadphonesCommands.swift */; };
		F7EAEFDB30541E4D00018001 /* DisconnectedView.swift in Sources */ = {isa = PBXBuildFile; fileRef = F7EAEFDA30541DEF00018001 /* DisconnectedView.swift */; };
		F7EAEFDD30541E5F00018001 /* Theme.swift in Sources */ = {isa = PBXBuildFile; fileRef = F7EAEFDC30541E5E00018001 /* Theme.swift */; };
		F7EAEFDF30541F4700018001 /* ConnectedView.swift in Sources */ = {isa = PBXBuildFile; fileRef = F7EAEFDE30541F4400018001 /* ConnectedView.swift */; };
		F7EAEFE130541F9E00018001 /* ModeButton.swift in Sources */ = {isa = PBXBuildFile; fileRef = F7EAEFE030541F9B00018001 /* ModeButton.swift */; };
		F7EAEFE330541FBE00018001 /* AmbientView.swift in Sources */ = {isa = PBXBuildFile; fileRef = F7EAEFE230541FAE00018001 /* AmbientView.swift */; };
		F7EAEFE33057D8B000018001 /* EqPreset.swift in Sources */ = {isa = PBXBuildFile; fileRef = F7EAEFE23057D8AB00018001 /* EqPreset.swift */; };
		F7EAEFE5305420C300018001 /* AboutView.swift in Sources */ = {isa = PBXBuildFile; fileRef = F7EAEFE4305420B100018001 /* AboutView.swift */; };
		F7EAEFE7305420D200018001 /* SettingsView.swift in Sources */ = {isa = PBXBuildFile; fileRef = F7EAEFE6305420D100018001 /* SettingsView.swift */; };
		F7EAEFE9305420E200018001 /* AutoPowerOffOption.swift in Sources */ = {isa = PBXBuildFile; fileRef = F7EAEFE8305420E100018001 /* AutoPowerOffOption.swift */; };
		F7EAEFEB05420F100018001 /* HeadphonesState+ViewModels.swift in Sources */ = {isa = PBXBuildFile; fileRef = F7EAEFEA05420F000018001 /* HeadphonesState+ViewModels.swift */; };
		F7EAEFED05421100018001 /* EqualizerView.swift in Sources */ = {isa = PBXBuildFile; fileRef = F7EAEFEC05421000018001 /* EqualizerView.swift */; };
		F7EAEFEF05421200018001 /* DseeView.swift in Sources */ = {isa = PBXBuildFile; fileRef = F7EAEFEE05421200018001 /* DseeView.swift */; };
		F7EAEFF205421500018001 /* DeviceHeroView.swift in Sources */ = {isa = PBXBuildFile; fileRef = F7EAEFF105421400018001 /* DeviceHeroView.swift */; };
		F7EAEFF405421600018001 /* EqBand.swift in Sources */ = {isa = PBXBuildFile; fileRef = F7EAEFF305421600018001 /* EqBand.swift */; };
		F7EAEFF605421700018001 /* Localizable.xcstrings in Resources */ = {isa = PBXBuildFile; fileRef = F7EAEFF505421700018001 /* Localizable.xcstrings */; };
		F7EAEFF805421800018001 /* Int+Percent.swift in Sources */ = {isa = PBXBuildFile; fileRef = F7EAEFF705421800018001 /* Int+Percent.swift */; };
		AA0000000000000000000101 /* DisconnectedReducerTests.swift in Sources */ = {isa = PBXBuildFile; fileRef = AA0000000000000000000201 /* DisconnectedReducerTests.swift */; };
		AA0000000000000000000102 /* AmbientReducerTests.swift in Sources */ = {isa = PBXBuildFile; fileRef = AA0000000000000000000202 /* AmbientReducerTests.swift */; };
		AA0000000000000000000103 /* EqualizerReducerTests.swift in Sources */ = {isa = PBXBuildFile; fileRef = AA0000000000000000000203 /* EqualizerReducerTests.swift */; };
		AA0000000000000000000104 /* SettingsReducerTests.swift in Sources */ = {isa = PBXBuildFile; fileRef = AA0000000000000000000204 /* SettingsReducerTests.swift */; };
		AA0000000000000000000105 /* DeviceHeroReducerTests.swift in Sources */ = {isa = PBXBuildFile; fileRef = AA0000000000000000000205 /* DeviceHeroReducerTests.swift */; };
		AA0000000000000000000106 /* ConnectedReducerTests.swift in Sources */ = {isa = PBXBuildFile; fileRef = AA0000000000000000000206 /* ConnectedReducerTests.swift */; };
		AA0000000000000000000107 /* MainScreenFeatureTests.swift in Sources */ = {isa = PBXBuildFile; fileRef = AA0000000000000000000207 /* MainScreenFeatureTests.swift */; };
		AA0000000000000000000108 /* HeadphonesStateViewModelTests.swift in Sources */ = {isa = PBXBuildFile; fileRef = AA0000000000000000000208 /* HeadphonesStateViewModelTests.swift */; };
		AA0000000000000000000109 /* IntPercentTests.swift in Sources */ = {isa = PBXBuildFile; fileRef = AA0000000000000000000209 /* IntPercentTests.swift */; };
		AA000000000000000000010A /* EqPresetTests.swift in Sources */ = {isa = PBXBuildFile; fileRef = AA000000000000000000020A /* EqPresetTests.swift */; };
		AA000000000000000000010B /* SnapshotFixtures.swift in Sources */ = {isa = PBXBuildFile; fileRef = AA000000000000000000020B /* SnapshotFixtures.swift */; };
		AA000000000000000000010C /* DisconnectedViewSnapshotTests.swift in Sources */ = {isa = PBXBuildFile; fileRef = AA000000000000000000020C /* DisconnectedViewSnapshotTests.swift */; };
		AA000000000000000000010D /* AmbientViewSnapshotTests.swift in Sources */ = {isa = PBXBuildFile; fileRef = AA000000000000000000020D /* AmbientViewSnapshotTests.swift */; };
		AA000000000000000000010E /* EqualizerViewSnapshotTests.swift in Sources */ = {isa = PBXBuildFile; fileRef = AA000000000000000000020E /* EqualizerViewSnapshotTests.swift */; };
		AA000000000000000000010F /* SettingsViewSnapshotTests.swift in Sources */ = {isa = PBXBuildFile; fileRef = AA000000000000000000020F /* SettingsViewSnapshotTests.swift */; };
		AA0000000000000000000110 /* DeviceHeroViewSnapshotTests.swift in Sources */ = {isa = PBXBuildFile; fileRef = AA0000000000000000000210 /* DeviceHeroViewSnapshotTests.swift */; };
		AA0000000000000000000111 /* ConnectedViewSnapshotTests.swift in Sources */ = {isa = PBXBuildFile; fileRef = AA0000000000000000000211 /* ConnectedViewSnapshotTests.swift */; };
		AA0000000000000000000112 /* MainScreenViewSnapshotTests.swift in Sources */ = {isa = PBXBuildFile; fileRef = AA0000000000000000000212 /* MainScreenViewSnapshotTests.swift */; };
		AA0000000000000000000113 /* SnapshotTesting in Frameworks */ = {isa = PBXBuildFile; productRef = AA0000000000000000000303 /* SnapshotTesting */; };
		AA0000000000000000000114 /* ComposableArchitecture in Frameworks */ = {isa = PBXBuildFile; productRef = AA0000000000000000000304 /* ComposableArchitecture */; };
		AA0000000000000000000115 /* SonyBTKit in Frameworks */ = {isa = PBXBuildFile; productRef = AA0000000000000000000305 /* SonyBTKit */; };
/* End PBXBuildFile section */

/* Begin PBXFileReference section */
		A863B14925A11DF500101F3B /* SonyHeadphonesClient.entitlements */ = {isa = PBXFileReference; lastKnownFileType = text.plist.entitlements; path = SonyHeadphonesClient.entitlements; sourceTree = "<group>"; };
		A87B328A259FAA8B00EA6551 /* Cocoa.framework */ = {isa = PBXFileReference; lastKnownFileType = wrapper.framework; name = Cocoa.framework; path = System/Library/Frameworks/Cocoa.framework; sourceTree = SDKROOT; };
		A8DC78E32576922700447738 /* info.plist */ = {isa = PBXFileReference; fileEncoding = 4; lastKnownFileType = text.plist.xml; path = info.plist; sourceTree = "<group>"; };
		A8DC78E62576922D00447738 /* SonyHeadphonesClient.app */ = {isa = PBXFileReference; explicitFileType = wrapper.application; includeInIndex = 0; path = SonyHeadphonesClient.app; sourceTree = BUILT_PRODUCTS_DIR; };
		A8DC790425769A6600447738 /* IOBluetooth.framework */ = {isa = PBXFileReference; lastKnownFileType = wrapper.framework; name = IOBluetooth.framework; path = System/Library/Frameworks/IOBluetooth.framework; sourceTree = SDKROOT; };
		CC0000000000000000000005 /* MainScreenFeature.swift */ = {isa = PBXFileReference; lastKnownFileType = sourcecode.swift; path = MainScreenFeature.swift; sourceTree = "<group>"; };
		CC0000000000000000000009 /* AppDelegate.swift */ = {isa = PBXFileReference; lastKnownFileType = sourcecode.swift; path = AppDelegate.swift; sourceTree = "<group>"; };
		CC000000000000000000000F /* SonyHeadphonesClientApp.swift */ = {isa = PBXFileReference; lastKnownFileType = sourcecode.swift; path = SonyHeadphonesClientApp.swift; sourceTree = "<group>"; };
		DD0000000000000000000002 /* Assets.xcassets */ = {isa = PBXFileReference; lastKnownFileType = folder.assetcatalog; path = Assets.xcassets; sourceTree = "<group>"; };
		F7EAEFD13053FBB200018001 /* HeadphonesCommands.swift */ = {isa = PBXFileReference; lastKnownFileType = sourcecode.swift; path = HeadphonesCommands.swift; sourceTree = "<group>"; };
		F7EAEFDA30541DEF00018001 /* DisconnectedView.swift */ = {isa = PBXFileReference; lastKnownFileType = sourcecode.swift; path = DisconnectedView.swift; sourceTree = "<group>"; };
		F7EAEFDC30541E5E00018001 /* Theme.swift */ = {isa = PBXFileReference; lastKnownFileType = sourcecode.swift; path = Theme.swift; sourceTree = "<group>"; };
		F7EAEFDE30541F4400018001 /* ConnectedView.swift */ = {isa = PBXFileReference; lastKnownFileType = sourcecode.swift; path = ConnectedView.swift; sourceTree = "<group>"; };
		F7EAEFE030541F9B00018001 /* ModeButton.swift */ = {isa = PBXFileReference; lastKnownFileType = sourcecode.swift; path = ModeButton.swift; sourceTree = "<group>"; };
		F7EAEFE230541FAE00018001 /* AmbientView.swift */ = {isa = PBXFileReference; lastKnownFileType = sourcecode.swift; path = AmbientView.swift; sourceTree = "<group>"; };
		F7EAEFE23057D8AB00018001 /* EqPreset.swift */ = {isa = PBXFileReference; lastKnownFileType = sourcecode.swift; path = EqPreset.swift; sourceTree = "<group>"; };
		F7EAEFE4305420B100018001 /* AboutView.swift */ = {isa = PBXFileReference; lastKnownFileType = sourcecode.swift; path = AboutView.swift; sourceTree = "<group>"; };
		F7EAEFE6305420D100018001 /* SettingsView.swift */ = {isa = PBXFileReference; lastKnownFileType = sourcecode.swift; path = SettingsView.swift; sourceTree = "<group>"; };
		F7EAEFE8305420E100018001 /* AutoPowerOffOption.swift */ = {isa = PBXFileReference; lastKnownFileType = sourcecode.swift; path = AutoPowerOffOption.swift; sourceTree = "<group>"; };
		F7EAEFEA05420F000018001 /* HeadphonesState+ViewModels.swift */ = {isa = PBXFileReference; lastKnownFileType = sourcecode.swift; path = "HeadphonesState+ViewModels.swift"; sourceTree = "<group>"; };
		F7EAEFEC05421000018001 /* EqualizerView.swift */ = {isa = PBXFileReference; lastKnownFileType = sourcecode.swift; path = EqualizerView.swift; sourceTree = "<group>"; };
		F7EAEFEE05421200018001 /* DseeView.swift */ = {isa = PBXFileReference; lastKnownFileType = sourcecode.swift; path = DseeView.swift; sourceTree = "<group>"; };
		F7EAEFF105421400018001 /* DeviceHeroView.swift */ = {isa = PBXFileReference; lastKnownFileType = sourcecode.swift; path = DeviceHeroView.swift; sourceTree = "<group>"; };
		F7EAEFF305421600018001 /* EqBand.swift */ = {isa = PBXFileReference; lastKnownFileType = sourcecode.swift; path = EqBand.swift; sourceTree = "<group>"; };
		F7EAEFF505421700018001 /* Localizable.xcstrings */ = {isa = PBXFileReference; lastKnownFileType = text.json.xcstrings; path = Localizable.xcstrings; sourceTree = "<group>"; };
		F7EAEFF705421800018001 /* Int+Percent.swift */ = {isa = PBXFileReference; lastKnownFileType = sourcecode.swift; path = "Int+Percent.swift"; sourceTree = "<group>"; };
		AA0000000000000000000201 /* DisconnectedReducerTests.swift */ = {isa = PBXFileReference; lastKnownFileType = sourcecode.swift; path = DisconnectedReducerTests.swift; sourceTree = "<group>"; };
		AA0000000000000000000202 /* AmbientReducerTests.swift */ = {isa = PBXFileReference; lastKnownFileType = sourcecode.swift; path = AmbientReducerTests.swift; sourceTree = "<group>"; };
		AA0000000000000000000203 /* EqualizerReducerTests.swift */ = {isa = PBXFileReference; lastKnownFileType = sourcecode.swift; path = EqualizerReducerTests.swift; sourceTree = "<group>"; };
		AA0000000000000000000204 /* SettingsReducerTests.swift */ = {isa = PBXFileReference; lastKnownFileType = sourcecode.swift; path = SettingsReducerTests.swift; sourceTree = "<group>"; };
		AA0000000000000000000205 /* DeviceHeroReducerTests.swift */ = {isa = PBXFileReference; lastKnownFileType = sourcecode.swift; path = DeviceHeroReducerTests.swift; sourceTree = "<group>"; };
		AA0000000000000000000206 /* ConnectedReducerTests.swift */ = {isa = PBXFileReference; lastKnownFileType = sourcecode.swift; path = ConnectedReducerTests.swift; sourceTree = "<group>"; };
		AA0000000000000000000207 /* MainScreenFeatureTests.swift */ = {isa = PBXFileReference; lastKnownFileType = sourcecode.swift; path = MainScreenFeatureTests.swift; sourceTree = "<group>"; };
		AA0000000000000000000208 /* HeadphonesStateViewModelTests.swift */ = {isa = PBXFileReference; lastKnownFileType = sourcecode.swift; path = HeadphonesStateViewModelTests.swift; sourceTree = "<group>"; };
		AA0000000000000000000209 /* IntPercentTests.swift */ = {isa = PBXFileReference; lastKnownFileType = sourcecode.swift; path = IntPercentTests.swift; sourceTree = "<group>"; };
		AA000000000000000000020A /* EqPresetTests.swift */ = {isa = PBXFileReference; lastKnownFileType = sourcecode.swift; path = EqPresetTests.swift; sourceTree = "<group>"; };
		AA000000000000000000020B /* SnapshotFixtures.swift */ = {isa = PBXFileReference; lastKnownFileType = sourcecode.swift; path = SnapshotFixtures.swift; sourceTree = "<group>"; };
		AA000000000000000000020C /* DisconnectedViewSnapshotTests.swift */ = {isa = PBXFileReference; lastKnownFileType = sourcecode.swift; path = DisconnectedViewSnapshotTests.swift; sourceTree = "<group>"; };
		AA000000000000000000020D /* AmbientViewSnapshotTests.swift */ = {isa = PBXFileReference; lastKnownFileType = sourcecode.swift; path = AmbientViewSnapshotTests.swift; sourceTree = "<group>"; };
		AA000000000000000000020E /* EqualizerViewSnapshotTests.swift */ = {isa = PBXFileReference; lastKnownFileType = sourcecode.swift; path = EqualizerViewSnapshotTests.swift; sourceTree = "<group>"; };
		AA000000000000000000020F /* SettingsViewSnapshotTests.swift */ = {isa = PBXFileReference; lastKnownFileType = sourcecode.swift; path = SettingsViewSnapshotTests.swift; sourceTree = "<group>"; };
		AA0000000000000000000210 /* DeviceHeroViewSnapshotTests.swift */ = {isa = PBXFileReference; lastKnownFileType = sourcecode.swift; path = DeviceHeroViewSnapshotTests.swift; sourceTree = "<group>"; };
		AA0000000000000000000211 /* ConnectedViewSnapshotTests.swift */ = {isa = PBXFileReference; lastKnownFileType = sourcecode.swift; path = ConnectedViewSnapshotTests.swift; sourceTree = "<group>"; };
		AA0000000000000000000212 /* MainScreenViewSnapshotTests.swift */ = {isa = PBXFileReference; lastKnownFileType = sourcecode.swift; path = MainScreenViewSnapshotTests.swift; sourceTree = "<group>"; };
		AA0000000000000000000401 /* SonyHeadphonesClientTests.xctest */ = {isa = PBXFileReference; explicitFileType = wrapper.cfbundle; includeInIndex = 0; path = SonyHeadphonesClientTests.xctest; sourceTree = BUILT_PRODUCTS_DIR; };
		AA0000000000000000000402 /* SonyHeadphonesClientSnapshotTests.xctest */ = {isa = PBXFileReference; explicitFileType = wrapper.cfbundle; includeInIndex = 0; path = SonyHeadphonesClientSnapshotTests.xctest; sourceTree = BUILT_PRODUCTS_DIR; };
/* End PBXFileReference section */

/* Begin PBXFrameworksBuildPhase section */
		A8DC78C125757BF300447738 /* Frameworks */ = {
			isa = PBXFrameworksBuildPhase;
			buildActionMask = 2147483647;
			files = (
				A87B328B259FAA8B00EA6551 /* Cocoa.framework in Frameworks */,
				EE0000000000000000000005 /* SonyBTKit in Frameworks */,
				F76B57F5305815DA00449C1F /* ComposableArchitecture in Frameworks */,
			);
			runOnlyForDeploymentPostprocessing = 0;
		};
		AA0000000000000000000501 /* Frameworks */ = {
			isa = PBXFrameworksBuildPhase;
			buildActionMask = 2147483647;
			files = (
				AA0000000000000000000114 /* ComposableArchitecture in Frameworks */,
				AA0000000000000000000115 /* SonyBTKit in Frameworks */,
			);
			runOnlyForDeploymentPostprocessing = 0;
		};
		AA0000000000000000000502 /* Frameworks */ = {
			isa = PBXFrameworksBuildPhase;
			buildActionMask = 2147483647;
			files = (
				AA0000000000000000000113 /* SnapshotTesting in Frameworks */,
				AA0000000000000000000114 /* ComposableArchitecture in Frameworks */,
				AA0000000000000000000115 /* SonyBTKit in Frameworks */,
			);
			runOnlyForDeploymentPostprocessing = 0;
		};
/* End PBXFrameworksBuildPhase section */

/* Begin PBXGroup section */
		A8DC78BB25757BF300447738 = {
			isa = PBXGroup;
			children = (
				F7EAEFE8305420E100018001 /* AutoPowerOffOption.swift */,
				F7EAEFF305421600018001 /* EqBand.swift */,
				F7EAEFE23057D8AB00018001 /* EqPreset.swift */,
				F7EAEFE905420F000018001 /* Extensions */,
				F7EAEFDC30541E5E00018001 /* Theme.swift */,
				F7EAEFD930541DEA00018001 /* Views */,
				A863B14925A11DF500101F3B /* SonyHeadphonesClient.entitlements */,
				A8DC78E32576922700447738 /* info.plist */,
				A8DC78E62576922D00447738 /* SonyHeadphonesClient.app */,
				AA0000000000000000000401 /* SonyHeadphonesClientTests.xctest */,
				AA0000000000000000000402 /* SonyHeadphonesClientSnapshotTests.xctest */,
				CC0000000000000000000009 /* AppDelegate.swift */,
				CC0000000000000000000005 /* MainScreenFeature.swift */,
				F7EAEFD13053FBB200018001 /* HeadphonesCommands.swift */,
				CC000000000000000000000F /* SonyHeadphonesClientApp.swift */,
				DD0000000000000000000002 /* Assets.xcassets */,
				F7EAEFF505421700018001 /* Localizable.xcstrings */,
				AA0000000000000000000601 /* SonyHeadphonesClientTests */,
				AA0000000000000000000602 /* SonyHeadphonesClientSnapshotTests */,
				A8DC790325769A6600447738 /* Frameworks */,
			);
			sourceTree = "<group>";
		};
		AA0000000000000000000601 /* SonyHeadphonesClientTests */ = {
			isa = PBXGroup;
			children = (
				AA0000000000000000000201 /* DisconnectedReducerTests.swift */,
				AA0000000000000000000202 /* AmbientReducerTests.swift */,
				AA0000000000000000000203 /* EqualizerReducerTests.swift */,
				AA0000000000000000000204 /* SettingsReducerTests.swift */,
				AA0000000000000000000205 /* DeviceHeroReducerTests.swift */,
				AA0000000000000000000206 /* ConnectedReducerTests.swift */,
				AA0000000000000000000207 /* MainScreenFeatureTests.swift */,
				AA0000000000000000000208 /* HeadphonesStateViewModelTests.swift */,
				AA0000000000000000000209 /* IntPercentTests.swift */,
				AA000000000000000000020A /* EqPresetTests.swift */,
			);
			path = SonyHeadphonesClientTests;
			sourceTree = "<group>";
		};
		AA0000000000000000000602 /* SonyHeadphonesClientSnapshotTests */ = {
			isa = PBXGroup;
			children = (
				AA000000000000000000020B /* SnapshotFixtures.swift */,
				AA000000000000000000020C /* DisconnectedViewSnapshotTests.swift */,
				AA000000000000000000020D /* AmbientViewSnapshotTests.swift */,
				AA000000000000000000020E /* EqualizerViewSnapshotTests.swift */,
				AA000000000000000000020F /* SettingsViewSnapshotTests.swift */,
				AA0000000000000000000210 /* DeviceHeroViewSnapshotTests.swift */,
				AA0000000000000000000211 /* ConnectedViewSnapshotTests.swift */,
				AA0000000000000000000212 /* MainScreenViewSnapshotTests.swift */,
			);
			path = SonyHeadphonesClientSnapshotTests;
			sourceTree = "<group>";
		};
		A8DC790325769A6600447738 /* Frameworks */ = {
			isa = PBXGroup;
			children = (
				A87B328A259FAA8B00EA6551 /* Cocoa.framework */,
				A8DC790425769A6600447738 /* IOBluetooth.framework */,
			);
			name = Frameworks;
			sourceTree = "<group>";
		};
		F7EAEFD930541DEA00018001 /* Views */ = {
			isa = PBXGroup;
			children = (
				F7EAEFF105421400018001 /* DeviceHeroView.swift */,
				F7EAEFEE05421200018001 /* DseeView.swift */,
				F7EAEFEC05421000018001 /* EqualizerView.swift */,
				F7EAEFE6305420D100018001 /* SettingsView.swift */,
				F7EAEFE4305420B100018001 /* AboutView.swift */,
				F7EAEFE230541FAE00018001 /* AmbientView.swift */,
				F7EAEFE030541F9B00018001 /* ModeButton.swift */,
				F7EAEFDE30541F4400018001 /* ConnectedView.swift */,
				F7EAEFDA30541DEF00018001 /* DisconnectedView.swift */,
			);
			path = Views;
			sourceTree = "<group>";
		};
		F7EAEFE905420F000018001 /* Extensions */ = {
			isa = PBXGroup;
			children = (
				F7EAEFF705421800018001 /* Int+Percent.swift */,
				F7EAEFEA05420F000018001 /* HeadphonesState+ViewModels.swift */,
			);
			path = Extensions;
			sourceTree = "<group>";
		};
/* End PBXGroup section */

/* Begin PBXNativeTarget section */
		A8DC78C325757BF300447738 /* SonyHeadphonesClient */ = {
			isa = PBXNativeTarget;
			buildConfigurationList = A8DC78D825757BF500447738 /* Build configuration list for PBXNativeTarget "SonyHeadphonesClient" */;
			buildPhases = (
				F76B57F23057FBA000449C1F /* SwiftFormat */,
				A8DC78C025757BF300447738 /* Sources */,
				A8DC78C125757BF300447738 /* Frameworks */,
				A8DC78C225757BF300447738 /* Resources */,
			);
			buildRules = (
			);
			dependencies = (
				F76B57F13057F99C00449C1F /* PBXTargetDependency */,
				EE0000000000000000000004 /* PBXTargetDependency */,
			);
			name = SonyHeadphonesClient;
			productName = SonyHeadphonesClient;
			productReference = A8DC78E62576922D00447738 /* SonyHeadphonesClient.app */;
			productType = "com.apple.product-type.application";
		};
		AA0000000000000000000701 /* SonyHeadphonesClientTests */ = {
			isa = PBXNativeTarget;
			buildConfigurationList = AA0000000000000000000801 /* Build configuration list for PBXNativeTarget "SonyHeadphonesClientTests" */;
			buildPhases = (
				AA0000000000000000000901 /* Sources */,
				AA0000000000000000000501 /* Frameworks */,
				AA0000000000000000000A01 /* Resources */,
			);
			buildRules = (
			);
			dependencies = (
			);
			name = SonyHeadphonesClientTests;
			packageProductDependencies = (
				AA0000000000000000000304 /* ComposableArchitecture */,
				AA0000000000000000000305 /* SonyBTKit */,
			);
			productName = SonyHeadphonesClientTests;
			productReference = AA0000000000000000000401 /* SonyHeadphonesClientTests.xctest */;
			productType = "com.apple.product-type.bundle.unit-test";
		};
		AA0000000000000000000702 /* SonyHeadphonesClientSnapshotTests */ = {
			isa = PBXNativeTarget;
			buildConfigurationList = AA0000000000000000000802 /* Build configuration list for PBXNativeTarget "SonyHeadphonesClientSnapshotTests" */;
			buildPhases = (
				AA0000000000000000000902 /* Sources */,
				AA0000000000000000000502 /* Frameworks */,
				AA0000000000000000000A02 /* Resources */,
			);
			buildRules = (
			);
			dependencies = (
			);
			name = SonyHeadphonesClientSnapshotTests;
			packageProductDependencies = (
				AA0000000000000000000303 /* SnapshotTesting */,
				AA0000000000000000000304 /* ComposableArchitecture */,
				AA0000000000000000000305 /* SonyBTKit */,
			);
			productName = SonyHeadphonesClientSnapshotTests;
			productReference = AA0000000000000000000402 /* SonyHeadphonesClientSnapshotTests.xctest */;
			productType = "com.apple.product-type.bundle.unit-test";
		};
/* End PBXNativeTarget section */

/* Begin PBXProject section */
		A8DC78BC25757BF300447738 /* Project object */ = {
			isa = PBXProject;
			attributes = {
				BuildIndependentTargetsInParallel = YES;
				LastUpgradeCheck = 2700;
				TargetAttributes = {
					A8DC78C325757BF300447738 = {
						CreatedOnToolsVersion = 12.2;
					};
					AA0000000000000000000701 = {
						CreatedOnToolsVersion = 27.0;
					};
					AA0000000000000000000702 = {
						CreatedOnToolsVersion = 27.0;
					};
				};
			};
			buildConfigurationList = A8DC78BF25757BF300447738 /* Build configuration list for PBXProject "SonyHeadphonesClient" */;
			compatibilityVersion = "Xcode 9.3";
			developmentRegion = en;
			hasScannedForEncodings = 0;
			knownRegions = (
				en,
				Base,
			);
			mainGroup = A8DC78BB25757BF300447738;
			packageReferences = (
				EE0000000000000000000002 /* XCLocalSwiftPackageReference "SonyBTKit" */,
				F76B57EF3057F97000449C1F /* XCRemoteSwiftPackageReference "SwiftLintPlugins" */,
				F76B57F3305815DA00449C1F /* XCRemoteSwiftPackageReference "swift-composable-architecture" */,
				F76B57FD3059194800449C1F /* XCRemoteSwiftPackageReference "swift-snapshot-testing" */,
			);
			productRefGroup = A8DC78BB25757BF300447738;
			projectDirPath = "";
			projectRoot = "";
			targets = (
				A8DC78C325757BF300447738 /* SonyHeadphonesClient */,
				AA0000000000000000000701 /* SonyHeadphonesClientTests */,
				AA0000000000000000000702 /* SonyHeadphonesClientSnapshotTests */,
			);
		};
/* End PBXProject section */

/* Begin PBXResourcesBuildPhase section */
		A8DC78C225757BF300447738 /* Resources */ = {
			isa = PBXResourcesBuildPhase;
			buildActionMask = 2147483647;
			files = (
				DD0000000000000000000001 /* Assets.xcassets in Resources */,
				F7EAEFF605421700018001 /* Localizable.xcstrings in Resources */,
			);
			runOnlyForDeploymentPostprocessing = 0;
		};
		AA0000000000000000000A01 /* Resources */ = {
			isa = PBXResourcesBuildPhase;
			buildActionMask = 2147483647;
			files = (
			);
			runOnlyForDeploymentPostprocessing = 0;
		};
		AA0000000000000000000A02 /* Resources */ = {
			isa = PBXResourcesBuildPhase;
			buildActionMask = 2147483647;
			files = (
			);
			runOnlyForDeploymentPostprocessing = 0;
		};
/* End PBXResourcesBuildPhase section */

/* Begin PBXShellScriptBuildPhase section */
		F76B57F23057FBA000449C1F /* SwiftFormat */ = {
			isa = PBXShellScriptBuildPhase;
			alwaysOutOfDate = 1;
			buildActionMask = 2147483647;
			files = (
			);
			inputFileListPaths = (
			);
			inputPaths = (
			);
			name = SwiftFormat;
			outputFileListPaths = (
			);
			outputPaths = (
			);
			runOnlyForDeploymentPostprocessing = 0;
			shellPath = /bin/sh;
			shellScript = "if [[ \"$(uname -m)\" == arm64 ]]; then\n    export PATH=\"/opt/homebrew/bin:$PATH\"\nfi\n\nif which swiftformat > /dev/null; then\n  swiftformat .\nelse\n  echo \"warning: SwiftFormat not installed, download from https://github.com/nicklockwood/SwiftFormat\"\nfi\n";
		};
/* End PBXShellScriptBuildPhase section */

/* Begin PBXSourcesBuildPhase section */
		A8DC78C025757BF300447738 /* Sources */ = {
			isa = PBXSourcesBuildPhase;
			buildActionMask = 2147483647;
			files = (
				F7EAEFD23053FBB600018001 /* HeadphonesCommands.swift in Sources */,
				CC000000000000000000000A /* AppDelegate.swift in Sources */,
				CC0000000000000000000004 /* MainScreenFeature.swift in Sources */,
				F7EAEFDB30541E4D00018001 /* DisconnectedView.swift in Sources */,
				F7EAEFDF30541F4700018001 /* ConnectedView.swift in Sources */,
				F7EAEFE130541F9E00018001 /* ModeButton.swift in Sources */,
				F7EAEFE330541FBE00018001 /* AmbientView.swift in Sources */,
				F7EAEFE5305420C300018001 /* AboutView.swift in Sources */,
				F7EAEFE7305420D200018001 /* SettingsView.swift in Sources */,
				F7EAEFE9305420E200018001 /* AutoPowerOffOption.swift in Sources */,
				F7EAEFF405421600018001 /* EqBand.swift in Sources */,
				F7EAEFEB05420F100018001 /* HeadphonesState+ViewModels.swift in Sources */,
				F7EAEFF805421800018001 /* Int+Percent.swift in Sources */,
				F7EAEFED05421100018001 /* EqualizerView.swift in Sources */,
				F7EAEFEF05421200018001 /* DseeView.swift in Sources */,
				F7EAEFF205421500018001 /* DeviceHeroView.swift in Sources */,
				CC0000000000000000000010 /* SonyHeadphonesClientApp.swift in Sources */,
				F7EAEFE33057D8B000018001 /* EqPreset.swift in Sources */,
				F7EAEFDD30541E5F00018001 /* Theme.swift in Sources */,
			);
			runOnlyForDeploymentPostprocessing = 0;
		};
		AA0000000000000000000901 /* Sources */ = {
			isa = PBXSourcesBuildPhase;
			buildActionMask = 2147483647;
			files = (
				AA0000000000000000000101 /* DisconnectedReducerTests.swift in Sources */,
				AA0000000000000000000102 /* AmbientReducerTests.swift in Sources */,
				AA0000000000000000000103 /* EqualizerReducerTests.swift in Sources */,
				AA0000000000000000000104 /* SettingsReducerTests.swift in Sources */,
				AA0000000000000000000105 /* DeviceHeroReducerTests.swift in Sources */,
				AA0000000000000000000106 /* ConnectedReducerTests.swift in Sources */,
				AA0000000000000000000107 /* MainScreenFeatureTests.swift in Sources */,
				AA0000000000000000000108 /* HeadphonesStateViewModelTests.swift in Sources */,
				AA0000000000000000000109 /* IntPercentTests.swift in Sources */,
				AA000000000000000000010A /* EqPresetTests.swift in Sources */,
			);
			runOnlyForDeploymentPostprocessing = 0;
		};
		AA0000000000000000000902 /* Sources */ = {
			isa = PBXSourcesBuildPhase;
			buildActionMask = 2147483647;
			files = (
				AA000000000000000000010B /* SnapshotFixtures.swift in Sources */,
				AA000000000000000000010C /* DisconnectedViewSnapshotTests.swift in Sources */,
				AA000000000000000000010D /* AmbientViewSnapshotTests.swift in Sources */,
				AA000000000000000000010E /* EqualizerViewSnapshotTests.swift in Sources */,
				AA000000000000000000010F /* SettingsViewSnapshotTests.swift in Sources */,
				AA0000000000000000000110 /* DeviceHeroViewSnapshotTests.swift in Sources */,
				AA0000000000000000000111 /* ConnectedViewSnapshotTests.swift in Sources */,
				AA0000000000000000000112 /* MainScreenViewSnapshotTests.swift in Sources */,
			);
			runOnlyForDeploymentPostprocessing = 0;
		};
/* End PBXSourcesBuildPhase section */

/* Begin PBXTargetDependency section */
		EE0000000000000000000004 /* PBXTargetDependency */ = {
			isa = PBXTargetDependency;
			productRef = EE0000000000000000000003 /* SonyBTKit */;
		};
		F76B57F13057F99C00449C1F /* PBXTargetDependency */ = {
			isa = PBXTargetDependency;
			productRef = F76B57F03057F99C00449C1F /* SwiftLintBuildToolPlugin */;
		};
/* End PBXTargetDependency section */

/* Begin XCBuildConfiguration section */
		A8DC78D625757BF500447738 /* Debug */ = {
			isa = XCBuildConfiguration;
			buildSettings = {
				ALWAYS_SEARCH_USER_PATHS = NO;
				CLANG_ANALYZER_NONNULL = YES;
				CLANG_ANALYZER_NUMBER_OBJECT_CONVERSION = YES_AGGRESSIVE;
				CLANG_CXX_LANGUAGE_STANDARD = "gnu++14";
				CLANG_CXX_LIBRARY = "libc++";
				CLANG_ENABLE_MODULES = YES;
				CLANG_ENABLE_OBJC_ARC = YES;
				CLANG_ENABLE_OBJC_WEAK = YES;
				CLANG_WARN_BLOCK_CAPTURE_AUTORELEASING = YES;
				CLANG_WARN_BOOL_CONVERSION = YES;
				CLANG_WARN_COMMA = YES;
				CLANG_WARN_CONSTANT_CONVERSION = YES;
				CLANG_WARN_DEPRECATED_OBJC_IMPLEMENTATIONS = YES;
				CLANG_WARN_DIRECT_OBJC_ISA_USAGE = YES_ERROR;
				CLANG_WARN_DOCUMENTATION_COMMENTS = YES;
				CLANG_WARN_EMPTY_BODY = YES;
				CLANG_WARN_ENUM_CONVERSION = YES;
				CLANG_WARN_INFINITE_RECURSION = YES;
				CLANG_WARN_INT_CONVERSION = YES;
				CLANG_WARN_NON_LITERAL_NULL_CONVERSION = YES;
				CLANG_WARN_OBJC_IMPLICIT_RETAIN_SELF = YES;
				CLANG_WARN_OBJC_LITERAL_CONVERSION = YES;
				CLANG_WARN_OBJC_ROOT_CLASS = YES_ERROR;
				CLANG_WARN_QUOTED_INCLUDE_IN_FRAMEWORK_HEADER = YES;
				CLANG_WARN_RANGE_LOOP_ANALYSIS = YES;
				CLANG_WARN_STRICT_PROTOTYPES = YES;
				CLANG_WARN_SUSPICIOUS_MOVE = YES;
				CLANG_WARN_UNGUARDED_AVAILABILITY = YES_AGGRESSIVE;
				CLANG_WARN_UNREACHABLE_CODE = YES;
				CLANG_WARN__DUPLICATE_METHOD_MATCH = YES;
				COPY_PHASE_STRIP = NO;
				DEAD_CODE_STRIPPING = YES;
				DEBUG_INFORMATION_FORMAT = dwarf;
				ENABLE_STRICT_OBJC_MSGSEND = YES;
				ENABLE_TESTABILITY = YES;
				ENABLE_USER_SCRIPT_SANDBOXING = NO;
				GCC_C_LANGUAGE_STANDARD = gnu11;
				GCC_DYNAMIC_NO_PIC = NO;
				GCC_NO_COMMON_BLOCKS = YES;
				GCC_OPTIMIZATION_LEVEL = 0;
				GCC_PREPROCESSOR_DEFINITIONS = (
					"DEBUG=1",
					"$(inherited)",
				);
				GCC_WARN_64_TO_32_BIT_CONVERSION = YES;
				GCC_WARN_ABOUT_RETURN_TYPE = YES_ERROR;
				GCC_WARN_UNDECLARED_SELECTOR = YES;
				GCC_WARN_UNINITIALIZED_AUTOS = YES_AGGRESSIVE;
				GCC_WARN_UNUSED_FUNCTION = YES;
				GCC_WARN_UNUSED_VARIABLE = YES;
				MACOSX_DEPLOYMENT_TARGET = 11.0;
				MTL_ENABLE_DEBUG_INFO = INCLUDE_SOURCE;
				MTL_FAST_MATH = YES;
				ONLY_ACTIVE_ARCH = YES;
				SDKROOT = macosx;
				STRING_CATALOG_GENERATE_SYMBOLS = YES;
			};
			name = Debug;
		};
		A8DC78D725757BF500447738 /* Release */ = {
			isa = XCBuildConfiguration;
			buildSettings = {
				ALWAYS_SEARCH_USER_PATHS = NO;
				CLANG_ANALYZER_NONNULL = YES;
				CLANG_ANALYZER_NUMBER_OBJECT_CONVERSION = YES_AGGRESSIVE;
				CLANG_CXX_LANGUAGE_STANDARD = "gnu++14";
				CLANG_CXX_LIBRARY = "libc++";
				CLANG_ENABLE_MODULES = YES;
				CLANG_ENABLE_OBJC_ARC = YES;
				CLANG_ENABLE_OBJC_WEAK = YES;
				CLANG_WARN_BLOCK_CAPTURE_AUTORELEASING = YES;
				CLANG_WARN_BOOL_CONVERSION = YES;
				CLANG_WARN_COMMA = YES;
				CLANG_WARN_CONSTANT_CONVERSION = YES;
				CLANG_WARN_DEPRECATED_OBJC_IMPLEMENTATIONS = YES;
				CLANG_WARN_DIRECT_OBJC_ISA_USAGE = YES_ERROR;
				CLANG_WARN_DOCUMENTATION_COMMENTS = YES;
				CLANG_WARN_EMPTY_BODY = YES;
				CLANG_WARN_ENUM_CONVERSION = YES;
				CLANG_WARN_INFINITE_RECURSION = YES;
				CLANG_WARN_INT_CONVERSION = YES;
				CLANG_WARN_NON_LITERAL_NULL_CONVERSION = YES;
				CLANG_WARN_OBJC_IMPLICIT_RETAIN_SELF = YES;
				CLANG_WARN_OBJC_LITERAL_CONVERSION = YES;
				CLANG_WARN_OBJC_ROOT_CLASS = YES_ERROR;
				CLANG_WARN_QUOTED_INCLUDE_IN_FRAMEWORK_HEADER = YES;
				CLANG_WARN_RANGE_LOOP_ANALYSIS = YES;
				CLANG_WARN_STRICT_PROTOTYPES = YES;
				CLANG_WARN_SUSPICIOUS_MOVE = YES;
				CLANG_WARN_UNGUARDED_AVAILABILITY = YES_AGGRESSIVE;
				CLANG_WARN_UNREACHABLE_CODE = YES;
				CLANG_WARN__DUPLICATE_METHOD_MATCH = YES;
				COPY_PHASE_STRIP = NO;
				DEAD_CODE_STRIPPING = YES;
				DEBUG_INFORMATION_FORMAT = "dwarf-with-dsym";
				ENABLE_NS_ASSERTIONS = NO;
				ENABLE_STRICT_OBJC_MSGSEND = YES;
				ENABLE_USER_SCRIPT_SANDBOXING = NO;
				GCC_C_LANGUAGE_STANDARD = gnu11;
				GCC_NO_COMMON_BLOCKS = YES;
				GCC_WARN_64_TO_32_BIT_CONVERSION = YES;
				GCC_WARN_ABOUT_RETURN_TYPE = YES_ERROR;
				GCC_WARN_UNDECLARED_SELECTOR = YES;
				GCC_WARN_UNINITIALIZED_AUTOS = YES_AGGRESSIVE;
				GCC_WARN_UNUSED_FUNCTION = YES;
				GCC_WARN_UNUSED_VARIABLE = YES;
				MACOSX_DEPLOYMENT_TARGET = 11.0;
				MTL_ENABLE_DEBUG_INFO = NO;
				MTL_FAST_MATH = YES;
				SDKROOT = macosx;
				STRING_CATALOG_GENERATE_SYMBOLS = YES;
				SWIFT_COMPILATION_MODE = wholemodule;
			};
			name = Release;
		};
		A8DC78D925757BF500447738 /* Debug */ = {
			isa = XCBuildConfiguration;
			buildSettings = {
				ASSETCATALOG_COMPILER_APPICON_NAME = AppIcon;
				ASSETCATALOG_COMPILER_GLOBAL_ACCENT_COLOR_NAME = AccentColor;
				CLANG_CXX_LANGUAGE_STANDARD = "c++17";
				CODE_SIGN_ENTITLEMENTS = SonyHeadphonesClient.entitlements;
				CODE_SIGN_IDENTITY = "-";
				CODE_SIGN_STYLE = Automatic;
				COMBINE_HIDPI_IMAGES = YES;
				DEAD_CODE_STRIPPING = YES;
				DEVELOPMENT_TEAM = "";
				INFOPLIST_FILE = "$(SRCROOT)/info.plist";
				LD_RUNPATH_SEARCH_PATHS = (
					"$(inherited)",
					"@executable_path/../Frameworks",
				);
				MACOSX_DEPLOYMENT_TARGET = "$(RECOMMENDED_MACOSX_DEPLOYMENT_TARGET)";
				OTHER_CPLUSPLUSFLAGS = (
					"-std=c++17",
					"-stdlib=libc++",
					"$(OTHER_CFLAGS)",
				);
				PRODUCT_BUNDLE_IDENTIFIER = com.semvis123.SonyHeadphonesClient;
				PRODUCT_NAME = "$(TARGET_NAME)";
				SWIFT_OPTIMIZATION_LEVEL = "-Onone";
				SWIFT_VERSION = 6.0;
			};
			name = Debug;
		};
		A8DC78DA25757BF500447738 /* Release */ = {
			isa = XCBuildConfiguration;
			buildSettings = {
				ASSETCATALOG_COMPILER_APPICON_NAME = AppIcon;
				ASSETCATALOG_COMPILER_GLOBAL_ACCENT_COLOR_NAME = AccentColor;
				CLANG_CXX_LANGUAGE_STANDARD = "c++17";
				CODE_SIGN_ENTITLEMENTS = SonyHeadphonesClient.entitlements;
				CODE_SIGN_IDENTITY = "-";
				CODE_SIGN_STYLE = Automatic;
				COMBINE_HIDPI_IMAGES = YES;
				DEAD_CODE_STRIPPING = YES;
				DEVELOPMENT_TEAM = "";
				INFOPLIST_FILE = "$(SRCROOT)/info.plist";
				LD_RUNPATH_SEARCH_PATHS = (
					"$(inherited)",
					"@executable_path/../Frameworks",
				);
				MACOSX_DEPLOYMENT_TARGET = "$(RECOMMENDED_MACOSX_DEPLOYMENT_TARGET)";
				OTHER_CPLUSPLUSFLAGS = (
					"-std=c++17",
					"-stdlib=libc++",
					"$(OTHER_CFLAGS)",
				);
				PRODUCT_BUNDLE_IDENTIFIER = com.semvis123.SonyHeadphonesClient;
				PRODUCT_NAME = "$(TARGET_NAME)";
				SWIFT_OPTIMIZATION_LEVEL = "-O";
				SWIFT_VERSION = 6.0;
			};
			name = Release;
		};
		AA0000000000000000000B01 /* Debug */ = {
			isa = XCBuildConfiguration;
			buildSettings = {
				CODE_SIGN_IDENTITY = "-";
				CODE_SIGN_STYLE = Automatic;
				DEVELOPMENT_TEAM = "";
				GENERATE_INFOPLIST_FILE = YES;
				MACOSX_DEPLOYMENT_TARGET = "$(RECOMMENDED_MACOSX_DEPLOYMENT_TARGET)";
				PRODUCT_BUNDLE_IDENTIFIER = com.semvis123.SonyHeadphonesClientTests;
				PRODUCT_NAME = "$(TARGET_NAME)";
				SWIFT_OPTIMIZATION_LEVEL = "-Onone";
				SWIFT_VERSION = 6.0;
			};
			name = Debug;
		};
		AA0000000000000000000B02 /* Release */ = {
			isa = XCBuildConfiguration;
			buildSettings = {
				CODE_SIGN_IDENTITY = "-";
				CODE_SIGN_STYLE = Automatic;
				DEVELOPMENT_TEAM = "";
				GENERATE_INFOPLIST_FILE = YES;
				MACOSX_DEPLOYMENT_TARGET = "$(RECOMMENDED_MACOSX_DEPLOYMENT_TARGET)";
				PRODUCT_BUNDLE_IDENTIFIER = com.semvis123.SonyHeadphonesClientTests;
				PRODUCT_NAME = "$(TARGET_NAME)";
				SWIFT_OPTIMIZATION_LEVEL = "-O";
				SWIFT_VERSION = 6.0;
			};
			name = Release;
		};
		AA0000000000000000000B03 /* Debug */ = {
			isa = XCBuildConfiguration;
			buildSettings = {
				CODE_SIGN_IDENTITY = "-";
				CODE_SIGN_STYLE = Automatic;
				DEVELOPMENT_TEAM = "";
				GENERATE_INFOPLIST_FILE = YES;
				MACOSX_DEPLOYMENT_TARGET = "$(RECOMMENDED_MACOSX_DEPLOYMENT_TARGET)";
				PRODUCT_BUNDLE_IDENTIFIER = com.semvis123.SonyHeadphonesClientSnapshotTests;
				PRODUCT_NAME = "$(TARGET_NAME)";
				SWIFT_OPTIMIZATION_LEVEL = "-Onone";
				SWIFT_VERSION = 6.0;
			};
			name = Debug;
		};
		AA0000000000000000000B04 /* Release */ = {
			isa = XCBuildConfiguration;
			buildSettings = {
				CODE_SIGN_IDENTITY = "-";
				CODE_SIGN_STYLE = Automatic;
				DEVELOPMENT_TEAM = "";
				GENERATE_INFOPLIST_FILE = YES;
				MACOSX_DEPLOYMENT_TARGET = "$(RECOMMENDED_MACOSX_DEPLOYMENT_TARGET)";
				PRODUCT_BUNDLE_IDENTIFIER = com.semvis123.SonyHeadphonesClientSnapshotTests;
				PRODUCT_NAME = "$(TARGET_NAME)";
				SWIFT_OPTIMIZATION_LEVEL = "-O";
				SWIFT_VERSION = 6.0;
			};
			name = Release;
		};
/* End XCBuildConfiguration section */

/* Begin XCConfigurationList section */
		A8DC78BF25757BF300447738 /* Build configuration list for PBXProject "SonyHeadphonesClient" */ = {
			isa = XCConfigurationList;
			buildConfigurations = (
				A8DC78D625757BF500447738 /* Debug */,
				A8DC78D725757BF500447738 /* Release */,
			);
			defaultConfigurationIsVisible = 0;
			defaultConfigurationName = Release;
		};
		A8DC78D825757BF500447738 /* Build configuration list for PBXNativeTarget "SonyHeadphonesClient" */ = {
			isa = XCConfigurationList;
			buildConfigurations = (
				A8DC78D925757BF500447738 /* Debug */,
				A8DC78DA25757BF500447738 /* Release */,
			);
			defaultConfigurationIsVisible = 0;
			defaultConfigurationName = Release;
		};
		AA0000000000000000000801 /* Build configuration list for PBXNativeTarget "SonyHeadphonesClientTests" */ = {
			isa = XCConfigurationList;
			buildConfigurations = (
				AA0000000000000000000B01 /* Debug */,
				AA0000000000000000000B02 /* Release */,
			);
			defaultConfigurationIsVisible = 0;
			defaultConfigurationName = Release;
		};
		AA0000000000000000000802 /* Build configuration list for PBXNativeTarget "SonyHeadphonesClientSnapshotTests" */ = {
			isa = XCConfigurationList;
			buildConfigurations = (
				AA0000000000000000000B03 /* Debug */,
				AA0000000000000000000B04 /* Release */,
			);
			defaultConfigurationIsVisible = 0;
			defaultConfigurationName = Release;
		};
/* End XCConfigurationList section */

/* Begin XCLocalSwiftPackageReference section */
		EE0000000000000000000002 /* XCLocalSwiftPackageReference "SonyBTKit" */ = {
			isa = XCLocalSwiftPackageReference;
			relativePath = SonyBTKit;
		};
/* End XCLocalSwiftPackageReference section */

/* Begin XCRemoteSwiftPackageReference section */
		F76B57EF3057F97000449C1F /* XCRemoteSwiftPackageReference "SwiftLintPlugins" */ = {
			isa = XCRemoteSwiftPackageReference;
			repositoryURL = "https://github.com/SimplyDanny/SwiftLintPlugins";
			requirement = {
				kind = upToNextMajorVersion;
				minimumVersion = 0.65.1;
			};
		};
		F76B57F3305815DA00449C1F /* XCRemoteSwiftPackageReference "swift-composable-architecture" */ = {
			isa = XCRemoteSwiftPackageReference;
			repositoryURL = "https://github.com/pointfreeco/swift-composable-architecture.git";
			requirement = {
				kind = upToNextMajorVersion;
				minimumVersion = 1.26.2;
			};
		};
		F76B57FD3059194800449C1F /* XCRemoteSwiftPackageReference "swift-snapshot-testing" */ = {
			isa = XCRemoteSwiftPackageReference;
			repositoryURL = "https://github.com/pointfreeco/swift-snapshot-testing.git";
			requirement = {
				kind = upToNextMajorVersion;
				minimumVersion = 1.19.4;
			};
		};
/* End XCRemoteSwiftPackageReference section */

/* Begin XCSwiftPackageProductDependency section */
		EE0000000000000000000003 /* SonyBTKit */ = {
			isa = XCSwiftPackageProductDependency;
			package = EE0000000000000000000002 /* XCLocalSwiftPackageReference "SonyBTKit" */;
			productName = SonyBTKit;
		};
		F76B57F03057F99C00449C1F /* SwiftLintBuildToolPlugin */ = {
			isa = XCSwiftPackageProductDependency;
			package = F76B57EF3057F97000449C1F /* XCRemoteSwiftPackageReference "SwiftLintPlugins" */;
			productName = "plugin:SwiftLintBuildToolPlugin";
		};
		F76B57F4305815DA00449C1F /* ComposableArchitecture */ = {
			isa = XCSwiftPackageProductDependency;
			package = F76B57F3305815DA00449C1F /* XCRemoteSwiftPackageReference "swift-composable-architecture" */;
			productName = ComposableArchitecture;
		};
		AA0000000000000000000303 /* SnapshotTesting */ = {
			isa = XCSwiftPackageProductDependency;
			package = F76B57FD3059194800449C1F /* XCRemoteSwiftPackageReference "swift-snapshot-testing" */;
			productName = SnapshotTesting;
		};
		AA0000000000000000000304 /* ComposableArchitecture */ = {
			isa = XCSwiftPackageProductDependency;
			package = F76B57F3305815DA00449C1F /* XCRemoteSwiftPackageReference "swift-composable-architecture" */;
			productName = ComposableArchitecture;
		};
		AA0000000000000000000305 /* SonyBTKit */ = {
			isa = XCSwiftPackageProductDependency;
			package = EE0000000000000000000002 /* XCLocalSwiftPackageReference "SonyBTKit" */;
			productName = SonyBTKit;
		};
/* End XCSwiftPackageProductDependency section */
	};
	rootObject = A8DC78BC25757BF300447738 /* Project object */;
}
